// !$*UTF8*$!
{
	archiveVersion = 1;
	classes = {
	};
	objectVersion = 51;
	objects = {

/* Begin PBXBuildFile section */
		1E16C3C6963F3F9452D972FA /* Pods_PointSDK_CleverTapSDKIntegrationExample_iOS.framework in Frameworks */ = {isa = PBXBuildFile; fileRef = 74296D198F6A641F953F25A2 /* Pods_PointSDK_CleverTapSDKIntegrationExample_iOS.framework */; };
		6504063322E5864400A5492F /* AppDelegate.swift in Sources */ = {isa = PBXBuildFile; fileRef = 6504063222E5864400A5492F /* AppDelegate.swift */; };
		6504063522E5864400A5492F /* ViewController.swift in Sources */ = {isa = PBXBuildFile; fileRef = 6504063422E5864400A5492F /* ViewController.swift */; };
		6504063822E5864400A5492F /* Main.storyboard in Resources */ = {isa = PBXBuildFile; fileRef = 6504063622E5864400A5492F /* Main.storyboard */; };
		6504063D22E5864600A5492F /* LaunchScreen.storyboard in Resources */ = {isa = PBXBuildFile; fileRef = 6504063B22E5864600A5492F /* LaunchScreen.storyboard */; };
		6504064522E591A700A5492F /* CoreLocation.framework in Frameworks */ = {isa = PBXBuildFile; fileRef = 6504064422E591A700A5492F /* CoreLocation.framework */; };
		6504064722E591B400A5492F /* CoreMotion.framework in Frameworks */ = {isa = PBXBuildFile; fileRef = 6504064622E591B400A5492F /* CoreMotion.framework */; };
		6504064922E591C900A5492F /* SystemConfiguration.framework in Frameworks */ = {isa = PBXBuildFile; fileRef = 6504064822E591C900A5492F /* SystemConfiguration.framework */; };
		6504064B22E591D700A5492F /* MapKit.framework in Frameworks */ = {isa = PBXBuildFile; fileRef = 6504064A22E591D700A5492F /* MapKit.framework */; };
		6504064D22E591E200A5492F /* CoreGraphics.framework in Frameworks */ = {isa = PBXBuildFile; fileRef = 6504064C22E591E200A5492F /* CoreGraphics.framework */; };
		6504064F22E591EF00A5492F /* UIKit.framework in Frameworks */ = {isa = PBXBuildFile; fileRef = 6504064E22E591EF00A5492F /* UIKit.framework */; };
		65C18D0422E6CD6300119F5C /* Assets.xcassets in Resources */ = {isa = PBXBuildFile; fileRef = 65C18D0322E6CD6300119F5C /* Assets.xcassets */; };
		65DD437F22E690DE00FB078D /* AppDelegate+LocationDelegate.swift in Sources */ = {isa = PBXBuildFile; fileRef = 65DD437E22E690DE00FB078D /* AppDelegate+LocationDelegate.swift */; };
/* End PBXBuildFile section */

/* Begin PBXFileReference section */
		26A0292889650816ABEFC2CD /* Pods-PointSDK-CleverTapSDKIntegrationExample-iOS.release.xcconfig */ = {isa = PBXFileReference; includeInIndex = 1; lastKnownFileType = text.xcconfig; name = "Pods-PointSDK-CleverTapSDKIntegrationExample-iOS.release.xcconfig"; path = "Target Support Files/Pods-PointSDK-CleverTapSDKIntegrationExample-iOS/Pods-PointSDK-CleverTapSDKIntegrationExample-iOS.release.xcconfig"; sourceTree = "<group>"; };
		48DE58DB21B34256B8A2190D /* Pods-PointSDK-CleverTapSDKIntegrationExample-iOS.debug.xcconfig */ = {isa = PBXFileReference; includeInIndex = 1; lastKnownFileType = text.xcconfig; name = "Pods-PointSDK-CleverTapSDKIntegrationExample-iOS.debug.xcconfig"; path = "Target Support Files/Pods-PointSDK-CleverTapSDKIntegrationExample-iOS/Pods-PointSDK-CleverTapSDKIntegrationExample-iOS.debug.xcconfig"; sourceTree = "<group>"; };
		6504062F22E5864400A5492F /* PointSDK-CleverTapSDKIntegrationExample-iOS.app */ = {isa = PBXFileReference; explicitFileType = wrapper.application; includeInIndex = 0; path = "PointSDK-CleverTapSDKIntegrationExample-iOS.app"; sourceTree = BUILT_PRODUCTS_DIR; };
		6504063222E5864400A5492F /* AppDelegate.swift */ = {isa = PBXFileReference; lastKnownFileType = sourcecode.swift; path = AppDelegate.swift; sourceTree = "<group>"; };
		6504063422E5864400A5492F /* ViewController.swift */ = {isa = PBXFileReference; lastKnownFileType = sourcecode.swift; path = ViewController.swift; sourceTree = "<group>"; };
		6504063722E5864400A5492F /* Base */ = {isa = PBXFileReference; lastKnownFileType = file.storyboard; name = Base; path = Base.lproj/Main.storyboard; sourceTree = "<group>"; };
		6504063C22E5864600A5492F /* Base */ = {isa = PBXFileReference; lastKnownFileType = file.storyboard; name = Base; path = Base.lproj/LaunchScreen.storyboard; sourceTree = "<group>"; };
		6504063E22E5864600A5492F /* Info.plist */ = {isa = PBXFileReference; lastKnownFileType = text.plist.xml; path = Info.plist; sourceTree = "<group>"; };
		6504064422E591A700A5492F /* CoreLocation.framework */ = {isa = PBXFileReference; lastKnownFileType = wrapper.framework; name = CoreLocation.framework; path = System/Library/Frameworks/CoreLocation.framework; sourceTree = SDKROOT; };
		6504064622E591B400A5492F /* CoreMotion.framework */ = {isa = PBXFileReference; lastKnownFileType = wrapper.framework; name = CoreMotion.framework; path = System/Library/Frameworks/CoreMotion.framework; sourceTree = SDKROOT; };
		6504064822E591C900A5492F /* SystemConfiguration.framework */ = {isa = PBXFileReference; lastKnownFileType = wrapper.framework; name = SystemConfiguration.framework; path = System/Library/Frameworks/SystemConfiguration.framework; sourceTree = SDKROOT; };
		6504064A22E591D700A5492F /* MapKit.framework */ = {isa = PBXFileReference; lastKnownFileType = wrapper.framework; name = MapKit.framework; path = System/Library/Frameworks/MapKit.framework; sourceTree = SDKROOT; };
		6504064C22E591E200A5492F /* CoreGraphics.framework */ = {isa = PBXFileReference; lastKnownFileType = wrapper.framework; name = CoreGraphics.framework; path = System/Library/Frameworks/CoreGraphics.framework; sourceTree = SDKROOT; };
		6504064E22E591EF00A5492F /* UIKit.framework */ = {isa = PBXFileReference; lastKnownFileType = wrapper.framework; name = UIKit.framework; path = System/Library/Frameworks/UIKit.framework; sourceTree = SDKROOT; };
		65C18D0322E6CD6300119F5C /* Assets.xcassets */ = {isa = PBXFileReference; lastKnownFileType = folder.assetcatalog; path = Assets.xcassets; sourceTree = "<group>"; };
		65DD437E22E690DE00FB078D /* AppDelegate+LocationDelegate.swift */ = {isa = PBXFileReference; lastKnownFileType = sourcecode.swift; path = "AppDelegate+LocationDelegate.swift"; sourceTree = "<group>"; };
		74296D198F6A641F953F25A2 /* Pods_PointSDK_CleverTapSDKIntegrationExample_iOS.framework */ = {isa = PBXFileReference; explicitFileType = wrapper.framework; includeInIndex = 0; path = Pods_PointSDK_CleverTapSDKIntegrationExample_iOS.framework; sourceTree = BUILT_PRODUCTS_DIR; };
		BFBA256823F2797300041ABC /* PointSDK-CleverTapSDKIntegrationExample-iOS.entitlements */ = {isa = PBXFileReference; fileEncoding = 4; lastKnownFileType = text.plist.entitlements; path = "PointSDK-CleverTapSDKIntegrationExample-iOS.entitlements"; sourceTree = "<group>"; };
/* End PBXFileReference section */

/* Begin PBXFrameworksBuildPhase section */
		6504062C22E5864400A5492F /* Frameworks */ = {
			isa = PBXFrameworksBuildPhase;
			buildActionMask = 2147483647;
			files = (
				6504064F22E591EF00A5492F /* UIKit.framework in Frameworks */,
				6504064D22E591E200A5492F /* CoreGraphics.framework in Frameworks */,
				6504064B22E591D700A5492F /* MapKit.framework in Frameworks */,
				6504064922E591C900A5492F /* SystemConfiguration.framework in Frameworks */,
				6504064722E591B400A5492F /* CoreMotion.framework in Frameworks */,
				6504064522E591A700A5492F /* CoreLocation.framework in Frameworks */,
				1E16C3C6963F3F9452D972FA /* Pods_PointSDK_CleverTapSDKIntegrationExample_iOS.framework in Frameworks */,
			);
			runOnlyForDeploymentPostprocessing = 0;
		};
/* End PBXFrameworksBuildPhase section */

/* Begin PBXGroup section */
		377512F5995E4AF6830E6499 /* Frameworks */ = {
			isa = PBXGroup;
			children = (
				6504064E22E591EF00A5492F /* UIKit.framework */,
				6504064C22E591E200A5492F /* CoreGraphics.framework */,
				6504064A22E591D700A5492F /* MapKit.framework */,
				6504064822E591C900A5492F /* SystemConfiguration.framework */,
				6504064622E591B400A5492F /* CoreMotion.framework */,
				6504064422E591A700A5492F /* CoreLocation.framework */,
				74296D198F6A641F953F25A2 /* Pods_PointSDK_CleverTapSDKIntegrationExample_iOS.framework */,
			);
			name = Frameworks;
			sourceTree = "<group>";
		};
		6504062622E5864400A5492F = {
			isa = PBXGroup;
			children = (
				6504063122E5864400A5492F /* PointSDK-CleverTapSDKIntegrationExample-iOS */,
				6504063022E5864400A5492F /* Products */,
				662B060F4236E20AF6E36A72 /* Pods */,
				377512F5995E4AF6830E6499 /* Frameworks */,
			);
			sourceTree = "<group>";
		};
		6504063022E5864400A5492F /* Products */ = {
			isa = PBXGroup;
			children = (
				6504062F22E5864400A5492F /* PointSDK-CleverTapSDKIntegrationExample-iOS.app */,
			);
			name = Products;
			sourceTree = "<group>";
		};
		6504063122E5864400A5492F /* PointSDK-CleverTapSDKIntegrationExample-iOS */ = {
			isa = PBXGroup;
			children = (
				BFBA256823F2797300041ABC /* PointSDK-CleverTapSDKIntegrationExample-iOS.entitlements */,
				6504063222E5864400A5492F /* AppDelegate.swift */,
				6504063422E5864400A5492F /* ViewController.swift */,
				6504063622E5864400A5492F /* Main.storyboard */,
				65C18D0322E6CD6300119F5C /* Assets.xcassets */,
				6504063B22E5864600A5492F /* LaunchScreen.storyboard */,
				6504063E22E5864600A5492F /* Info.plist */,
				65DD437E22E690DE00FB078D /* AppDelegate+LocationDelegate.swift */,
			);
			path = "PointSDK-CleverTapSDKIntegrationExample-iOS";
			sourceTree = "<group>";
		};
		662B060F4236E20AF6E36A72 /* Pods */ = {
			isa = PBXGroup;
			children = (
				48DE58DB21B34256B8A2190D /* Pods-PointSDK-CleverTapSDKIntegrationExample-iOS.debug.xcconfig */,
				26A0292889650816ABEFC2CD /* Pods-PointSDK-CleverTapSDKIntegrationExample-iOS.release.xcconfig */,
			);
			path = Pods;
			sourceTree = "<group>";
		};
/* End PBXGroup section */

/* Begin PBXNativeTarget section */
		6504062E22E5864400A5492F /* PointSDK-CleverTapSDKIntegrationExample-iOS */ = {
			isa = PBXNativeTarget;
			buildConfigurationList = 6504064122E5864600A5492F /* Build configuration list for PBXNativeTarget "PointSDK-CleverTapSDKIntegrationExample-iOS" */;
			buildPhases = (
				3BD9096903D599B842DEAB61 /* [CP] Check Pods Manifest.lock */,
				6504062B22E5864400A5492F /* Sources */,
				6504062C22E5864400A5492F /* Frameworks */,
				6504062D22E5864400A5492F /* Resources */,
				5C58D7634000DC980C399B1E /* [CP] Embed Pods Frameworks */,
			);
			buildRules = (
			);
			dependencies = (
			);
			name = "PointSDK-CleverTapSDKIntegrationExample-iOS";
			productName = "PointSDK-CleverTapSDKIntegrationExample-iOS";
			productReference = 6504062F22E5864400A5492F /* PointSDK-CleverTapSDKIntegrationExample-iOS.app */;
			productType = "com.apple.product-type.application";
		};
/* End PBXNativeTarget section */

/* Begin PBXProject section */
		6504062722E5864400A5492F /* Project object */ = {
			isa = PBXProject;
			attributes = {
				LastSwiftUpdateCheck = 1020;
				LastUpgradeCheck = 1020;
				ORGANIZATIONNAME = "Bluedot Innovation";
				TargetAttributes = {
					6504062E22E5864400A5492F = {
						CreatedOnToolsVersion = 10.2.1;
						SystemCapabilities = {
							com.apple.Push = {
								enabled = 1;
							};
						};
					};
				};
			};
			buildConfigurationList = 6504062A22E5864400A5492F /* Build configuration list for PBXProject "PointSDK-CleverTapSDKIntegrationExample-iOS" */;
			compatibilityVersion = "Xcode 9.3";
			developmentRegion = en;
			hasScannedForEncodings = 0;
			knownRegions = (
				en,
				Base,
			);
			mainGroup = 6504062622E5864400A5492F;
			productRefGroup = 6504063022E5864400A5492F /* Products */;
			projectDirPath = "";
			projectRoot = "";
			targets = (
				6504062E22E5864400A5492F /* PointSDK-CleverTapSDKIntegrationExample-iOS */,
			);
		};
/* End PBXProject section */

/* Begin PBXResourcesBuildPhase section */
		6504062D22E5864400A5492F /* Resources */ = {
			isa = PBXResourcesBuildPhase;
			buildActionMask = 2147483647;
			files = (
				6504063D22E5864600A5492F /* LaunchScreen.storyboard in Resources */,
				65C18D0422E6CD6300119F5C /* Assets.xcassets in Resources */,
				6504063822E5864400A5492F /* Main.storyboard in Resources */,
			);
			runOnlyForDeploymentPostprocessing = 0;
		};
/* End PBXResourcesBuildPhase section */

/* Begin PBXShellScriptBuildPhase section */
		3BD9096903D599B842DEAB61 /* [CP] Check Pods Manifest.lock */ = {
			isa = PBXShellScriptBuildPhase;
			buildActionMask = 2147483647;
			files = (
			);
			inputFileListPaths = (
			);
			inputPaths = (
				"${PODS_PODFILE_DIR_PATH}/Podfile.lock",
				"${PODS_ROOT}/Manifest.lock",
			);
			name = "[CP] Check Pods Manifest.lock";
			outputFileListPaths = (
			);
			outputPaths = (
				"$(DERIVED_FILE_DIR)/Pods-PointSDK-CleverTapSDKIntegrationExample-iOS-checkManifestLockResult.txt",
			);
			runOnlyForDeploymentPostprocessing = 0;
			shellPath = /bin/sh;
			shellScript = "diff \"${PODS_PODFILE_DIR_PATH}/Podfile.lock\" \"${PODS_ROOT}/Manifest.lock\" > /dev/null\nif [ $? != 0 ] ; then\n    # print error to STDERR\n    echo \"error: The sandbox is not in sync with the Podfile.lock. Run 'pod install' or update your CocoaPods installation.\" >&2\n    exit 1\nfi\n# This output is used by Xcode 'outputs' to avoid re-running this script phase.\necho \"SUCCESS\" > \"${SCRIPT_OUTPUT_FILE_0}\"\n";
			showEnvVarsInLog = 0;
		};
		5C58D7634000DC980C399B1E /* [CP] Embed Pods Frameworks */ = {
			isa = PBXShellScriptBuildPhase;
			buildActionMask = 2147483647;
			files = (
			);
			inputFileListPaths = (
				"${PODS_ROOT}/Target Support Files/Pods-PointSDK-CleverTapSDKIntegrationExample-iOS/Pods-PointSDK-CleverTapSDKIntegrationExample-iOS-frameworks-${CONFIGURATION}-input-files.xcfilelist",
			);
			name = "[CP] Embed Pods Frameworks";
			outputFileListPaths = (
				"${PODS_ROOT}/Target Support Files/Pods-PointSDK-CleverTapSDKIntegrationExample-iOS/Pods-PointSDK-CleverTapSDKIntegrationExample-iOS-frameworks-${CONFIGURATION}-output-files.xcfilelist",
			);
			runOnlyForDeploymentPostprocessing = 0;
			shellPath = /bin/sh;
			shellScript = "\"${PODS_ROOT}/Target Support Files/Pods-PointSDK-CleverTapSDKIntegrationExample-iOS/Pods-PointSDK-CleverTapSDKIntegrationExample-iOS-frameworks.sh\"\n";
			showEnvVarsInLog = 0;
		};
/* End PBXShellScriptBuildPhase section */

/* Begin PBXSourcesBuildPhase section */
		6504062B22E5864400A5492F /* Sources */ = {
			isa = PBXSourcesBuildPhase;
			buildActionMask = 2147483647;
			files = (
				6504063522E5864400A5492F /* ViewController.swift in Sources */,
				65DD437F22E690DE00FB078D /* AppDelegate+LocationDelegate.swift in Sources */,
				6504063322E5864400A5492F /* AppDelegate.swift in Sources */,
			);
			runOnlyForDeploymentPostprocessing = 0;
		};
/* End PBXSourcesBuildPhase section */

/* Begin PBXVariantGroup section */
		6504063622E5864400A5492F /* Main.storyboard */ = {
			isa = PBXVariantGroup;
			children = (
				6504063722E5864400A5492F /* Base */,
			);
			name = Main.storyboard;
			sourceTree = "<group>";
		};
		6504063B22E5864600A5492F /* LaunchScreen.storyboard */ = {
			isa = PBXVariantGroup;
			children = (
				6504063C22E5864600A5492F /* Base */,
			);
			name = LaunchScreen.storyboard;
			sourceTree = "<group>";
		};
/* End PBXVariantGroup section */

/* Begin XCBuildConfiguration section */
		6504063F22E5864600A5492F /* Debug */ = {
			isa = XCBuildConfiguration;
			buildSettings = {
				ALWAYS_SEARCH_USER_PATHS = NO;
				CLANG_ANALYZER_NONNULL = YES;
				CLANG_ANALYZER_NUMBER_OBJECT_CONVERSION = YES_AGGRESSIVE;
				CLANG_CXX_LANGUAGE_STANDARD = "gnu++14";
				CLANG_CXX_LIBRARY = "libc++";
				CLANG_ENABLE_MODULES = YES;
				CLANG_ENABLE_OBJC_ARC = YES;
				CLANG_ENABLE_OBJC_WEAK = YES;
				CLANG_WARN_BLOCK_CAPTURE_AUTORELEASING = YES;
				CLANG_WARN_BOOL_CONVERSION = YES;
				CLANG_WARN_COMMA = YES;
				CLANG_WARN_CONSTANT_CONVERSION = YES;
				CLANG_WARN_DEPRECATED_OBJC_IMPLEMENTATIONS = YES;
				CLANG_WARN_DIRECT_OBJC_ISA_USAGE = YES_ERROR;
				CLANG_WARN_DOCUMENTATION_COMMENTS = YES;
				CLANG_WARN_EMPTY_BODY = YES;
				CLANG_WARN_ENUM_CONVERSION = YES;
				CLANG_WARN_INFINITE_RECURSION = YES;
				CLANG_WARN_INT_CONVERSION = YES;
				CLANG_WARN_NON_LITERAL_NULL_CONVERSION = YES;
				CLANG_WARN_OBJC_IMPLICIT_RETAIN_SELF = YES;
				CLANG_WARN_OBJC_LITERAL_CONVERSION = YES;
				CLANG_WARN_OBJC_ROOT_CLASS = YES_ERROR;
				CLANG_WARN_RANGE_LOOP_ANALYSIS = YES;
				CLANG_WARN_STRICT_PROTOTYPES = YES;
				CLANG_WARN_SUSPICIOUS_MOVE = YES;
				CLANG_WARN_UNGUARDED_AVAILABILITY = YES_AGGRESSIVE;
				CLANG_WARN_UNREACHABLE_CODE = YES;
				CLANG_WARN__DUPLICATE_METHOD_MATCH = YES;
				CODE_SIGN_IDENTITY = "iPhone Developer";
				COPY_PHASE_STRIP = NO;
				DEBUG_INFORMATION_FORMAT = dwarf;
				ENABLE_STRICT_OBJC_MSGSEND = YES;
				ENABLE_TESTABILITY = YES;
				GCC_C_LANGUAGE_STANDARD = gnu11;
				GCC_DYNAMIC_NO_PIC = NO;
				GCC_NO_COMMON_BLOCKS = YES;
				GCC_OPTIMIZATION_LEVEL = 0;
				GCC_PREPROCESSOR_DEFINITIONS = (
					"DEBUG=1",
					"$(inherited)",
				);
				GCC_WARN_64_TO_32_BIT_CONVERSION = YES;
				GCC_WARN_ABOUT_RETURN_TYPE = YES_ERROR;
				GCC_WARN_UNDECLARED_SELECTOR = YES;
				GCC_WARN_UNINITIALIZED_AUTOS = YES_AGGRESSIVE;
				GCC_WARN_UNUSED_FUNCTION = YES;
				GCC_WARN_UNUSED_VARIABLE = YES;
				IPHONEOS_DEPLOYMENT_TARGET = 12.2;
				MTL_ENABLE_DEBUG_INFO = INCLUDE_SOURCE;
				MTL_FAST_MATH = YES;
				ONLY_ACTIVE_ARCH = YES;
				SDKROOT = iphoneos;
				SWIFT_ACTIVE_COMPILATION_CONDITIONS = DEBUG;
				SWIFT_OPTIMIZATION_LEVEL = "-Onone";
			};
			name = Debug;
		};
		6504064022E5864600A5492F /* Release */ = {
			isa = XCBuildConfiguration;
			baseConfigurationReference = 26A0292889650816ABEFC2CD /* Pods-PointSDK-CleverTapSDKIntegrationExample-iOS.release.xcconfig */;
			buildSettings = {
				ALWAYS_SEARCH_USER_PATHS = NO;
				CLANG_ANALYZER_NONNULL = YES;
				CLANG_ANALYZER_NUMBER_OBJECT_CONVERSION = YES_AGGRESSIVE;
				CLANG_CXX_LANGUAGE_STANDARD = "gnu++14";
				CLANG_CXX_LIBRARY = "libc++";
				CLANG_ENABLE_MODULES = YES;
				CLANG_ENABLE_OBJC_ARC = YES;
				CLANG_ENABLE_OBJC_WEAK = YES;
				CLANG_WARN_BLOCK_CAPTURE_AUTORELEASING = YES;
				CLANG_WARN_BOOL_CONVERSION = YES;
				CLANG_WARN_COMMA = YES;
				CLANG_WARN_CONSTANT_CONVERSION = YES;
				CLANG_WARN_DEPRECATED_OBJC_IMPLEMENTATIONS = YES;
				CLANG_WARN_DIRECT_OBJC_ISA_USAGE = YES_ERROR;
				CLANG_WARN_DOCUMENTATION_COMMENTS = YES;
				CLANG_WARN_EMPTY_BODY = YES;
				CLANG_WARN_ENUM_CONVERSION = YES;
				CLANG_WARN_INFINITE_RECURSION = YES;
				CLANG_WARN_INT_CONVERSION = YES;
				CLANG_WARN_NON_LITERAL_NULL_CONVERSION = YES;
				CLANG_WARN_OBJC_IMPLICIT_RETAIN_SELF = YES;
				CLANG_WARN_OBJC_LITERAL_CONVERSION = YES;
				CLANG_WARN_OBJC_ROOT_CLASS = YES_ERROR;
				CLANG_WARN_RANGE_LOOP_ANALYSIS = YES;
				CLANG_WARN_STRICT_PROTOTYPES = YES;
				CLANG_WARN_SUSPICIOUS_MOVE = YES;
				CLANG_WARN_UNGUARDED_AVAILABILITY = YES_AGGRESSIVE;
				CLANG_WARN_UNREACHABLE_CODE = YES;
				CLANG_WARN__DUPLICATE_METHOD_MATCH = YES;
				CODE_SIGN_IDENTITY = "iPhone Developer";
				COPY_PHASE_STRIP = NO;
				DEBUG_INFORMATION_FORMAT = "dwarf-with-dsym";
				ENABLE_NS_ASSERTIONS = NO;
				ENABLE_STRICT_OBJC_MSGSEND = YES;
				GCC_C_LANGUAGE_STANDARD = gnu11;
				GCC_NO_COMMON_BLOCKS = YES;
				GCC_WARN_64_TO_32_BIT_CONVERSION = YES;
				GCC_WARN_ABOUT_RETURN_TYPE = YES_ERROR;
				GCC_WARN_UNDECLARED_SELECTOR = YES;
				GCC_WARN_UNINITIALIZED_AUTOS = YES_AGGRESSIVE;
				GCC_WARN_UNUSED_FUNCTION = YES;
				GCC_WARN_UNUSED_VARIABLE = YES;
				IPHONEOS_DEPLOYMENT_TARGET = 12.2;
				MTL_ENABLE_DEBUG_INFO = NO;
				MTL_FAST_MATH = YES;
				SDKROOT = iphoneos;
				SWIFT_COMPILATION_MODE = wholemodule;
				SWIFT_OPTIMIZATION_LEVEL = "-O";
				VALIDATE_PRODUCT = YES;
			};
			name = Release;
		};
		6504064222E5864600A5492F /* Debug */ = {
			isa = XCBuildConfiguration;
			baseConfigurationReference = 48DE58DB21B34256B8A2190D /* Pods-PointSDK-CleverTapSDKIntegrationExample-iOS.debug.xcconfig */;
			buildSettings = {
				ALWAYS_EMBED_SWIFT_STANDARD_LIBRARIES = YES;
				ASSETCATALOG_COMPILER_APPICON_NAME = AppIcon;
				CODE_SIGN_ENTITLEMENTS = "PointSDK-CleverTapSDKIntegrationExample-iOS/PointSDK-CleverTapSDKIntegrationExample-iOS.entitlements";
				CODE_SIGN_STYLE = Automatic;
				DEVELOPMENT_TEAM = 9H7C75E224;
				INFOPLIST_FILE = "PointSDK-CleverTapSDKIntegrationExample-iOS/Info.plist";
				IPHONEOS_DEPLOYMENT_TARGET = 11.4;
				LD_RUNPATH_SEARCH_PATHS = (
					"$(inherited)",
					"@executable_path/Frameworks",
				);
				PRODUCT_BUNDLE_IDENTIFIER = "io.bluedot.PointSDK-CleverTapSDKIntegrationExample-iOS";
				PRODUCT_NAME = "$(TARGET_NAME)";
				SWIFT_VERSION = 5.0;
				TARGETED_DEVICE_FAMILY = "1,2";
			};
			name = Debug;
		};
		6504064322E5864600A5492F /* Release */ = {
			isa = XCBuildConfiguration;
			baseConfigurationReference = 26A0292889650816ABEFC2CD /* Pods-PointSDK-CleverTapSDKIntegrationExample-iOS.release.xcconfig */;
			buildSettings = {
				ALWAYS_EMBED_SWIFT_STANDARD_LIBRARIES = YES;
				ASSETCATALOG_COMPILER_APPICON_NAME = AppIcon;
				CODE_SIGN_ENTITLEMENTS = "PointSDK-CleverTapSDKIntegrationExample-iOS/PointSDK-CleverTapSDKIntegrationExample-iOS.entitlements";
				CODE_SIGN_STYLE = Automatic;
				DEVELOPMENT_TEAM = 9H7C75E224;
				INFOPLIST_FILE = "PointSDK-CleverTapSDKIntegrationExample-iOS/Info.plist";
				IPHONEOS_DEPLOYMENT_TARGET = 11.4;
				LD_RUNPATH_SEARCH_PATHS = (
					"$(inherited)",
					"@executable_path/Frameworks",
				);
				PRODUCT_BUNDLE_IDENTIFIER = "io.bluedot.PointSDK-CleverTapSDKIntegrationExample-iOS";
				PRODUCT_NAME = "$(TARGET_NAME)";
				SWIFT_VERSION = 5.0;
				TARGETED_DEVICE_FAMILY = "1,2";
			};
			name = Release;
		};
/* End XCBuildConfiguration section */

/* Begin XCConfigurationList section */
		6504062A22E5864400A5492F /* Build configuration list for PBXProject "PointSDK-CleverTapSDKIntegrationExample-iOS" */ = {
			isa = XCConfigurationList;
			buildConfigurations = (
				6504063F22E5864600A5492F /* Debug */,
				6504064022E5864600A5492F /* Release */,
			);
			defaultConfigurationIsVisible = 0;
			defaultConfigurationName = Release;
		};
		6504064122E5864600A5492F /* Build configuration list for PBXNativeTarget "PointSDK-CleverTapSDKIntegrationExample-iOS" */ = {
			isa = XCConfigurationList;
			buildConfigurations = (
				6504064222E5864600A5492F /* Debug */,
				6504064322E5864600A5492F /* Release */,
			);
			defaultConfigurationIsVisible = 0;
			defaultConfigurationName = Release;
		};
/* End XCConfigurationList section */
	};
	rootObject = 6504062722E5864400A5492F /* Project object */;
}
