PODS:
  - BluedotPointSDK (15.2.0)
  - CleverTap-iOS-SDK (3.7.3):
    - SDWebImage (~> 5.1)
  - SDWebImage (5.7.0):
    - SDWebImage/Core (= 5.7.0)
  - SDWebImage/Core (5.7.0)

DEPENDENCIES:
  - BluedotPointSDK
  - CleverTap-iOS-SDK

SPEC REPOS:
  trunk:
    - BluedotPointSDK
    - CleverTap-iOS-SDK
    - SDWebImage

SPEC CHECKSUMS:
  BluedotPointSDK: 1004bd071101dfe72ead61ce89612755e974512a
  CleverTap-iOS-SDK: a371ba586348ffdb6bb47fcba556e8490f616434
  SDWebImage: a99471f452bdfa0ca52ddf5b1adf2b61cab1d1eb

PODFILE CHECKSUM: 3c45d2e4bafebb703c5548c1adb2723652b9ea7a

COCOAPODS: 1.9.1
